// !$*UTF8*$!
{
	archiveVersion = 1;
	classes = {
	};
	objectVersion = 77;
	objects = {

/* Begin PBXBuildFile section */
		C94410012EBF2F6300913DE3 /* SnowMateWatch Watch App.app in Embed Watch Content */ = {isa = PBXBuildFile; fileRef = C9440FF72EBF2F6100913DE3 /* SnowMateWatch Watch App.app */; settings = {ATTRIBUTES = (RemoveHeadersOnCopy, ); }; };
/* End PBXBuildFile section */

/* Begin PBXContainerItemProxy section */
		C9440FFF2EBF2F6300913DE3 /* PBXContainerItemProxy */ = {
			isa = PBXContainerItemProxy;
			containerPortal = C9440FDD2EBF2DDE00913DE3 /* Project object */;
			proxyType = 1;
			remoteGlobalIDString = C9440FF62EBF2F6100913DE3;
			remoteInfo = "SnowMateWatch Watch App";
		};
/* End PBXContainerItemProxy section */

/* Begin PBXCopyFilesBuildPhase section */
		C94410052EBF2F6300913DE3 /* Embed Watch Content */ = {
			isa = PBXCopyFilesBuildPhase;
			buildActionMask = 2147483647;
			dstPath = "$(CONTENTS_FOLDER_PATH)/Watch";
			dstSubfolderSpec = 16;
			files = (
				C94410012EBF2F6300913DE3 /* SnowMateWatch Watch App.app in Embed Watch Content */,
			);
			name = "Embed Watch Content";
			runOnlyForDeploymentPostprocessing = 0;
		};
/* End PBXCopyFilesBuildPhase section */

/* Begin PBXFileReference section */
		C9440FE52EBF2DDE00913DE3 /* SnowMate.app */ = {isa = PBXFileReference; explicitFileType = wrapper.application; includeInIndex = 0; path = SnowMate.app; sourceTree = BUILT_PRODUCTS_DIR; };
		C9440FF72EBF2F6100913DE3 /* SnowMateWatch Watch App.app */ = {isa = PBXFileReference; explicitFileType = wrapper.application; includeInIndex = 0; path = "SnowMateWatch Watch App.app"; sourceTree = BUILT_PRODUCTS_DIR; };
/* End PBXFileReference section */

/* Begin PBXFileSystemSynchronizedBuildFileExceptionSet section */
		C94410072EBF334300913DE3 /* Exceptions for "SnowMate" folder in "SnowMate" target */ = {
			isa = PBXFileSystemSynchronizedBuildFileExceptionSet;
			membershipExceptions = (
				Info.plist,
			);
			target = C9440FE42EBF2DDE00913DE3 /* SnowMate */;
		};
		C944100E2EBF396B00913DE3 /* Exceptions for "Shared" folder in "SnowMateWatch Watch App" target */ = {
			isa = PBXFileSystemSynchronizedBuildFileExceptionSet;
			membershipExceptions = (
				ModelContainer.swift,
				RidingSession.swift,
				WatchConnectivityManager.swift,
			);
			target = C9440FF62EBF2F6100913DE3 /* SnowMateWatch Watch App */;
		};
/* End PBXFileSystemSynchronizedBuildFileExceptionSet section */

/* Begin PBXFileSystemSynchronizedRootGroup section */
		C9440FE72EBF2DDE00913DE3 /* SnowMate */ = {
			isa = PBXFileSystemSynchronizedRootGroup;
			exceptions = (
				C94410072EBF334300913DE3 /* Exceptions for "SnowMate" folder in "SnowMate" target */,
			);
			path = SnowMate;
			sourceTree = "<group>";
		};
		C9440FF82EBF2F6100913DE3 /* SnowMateWatch Watch App */ = {
			isa = PBXFileSystemSynchronizedRootGroup;
			path = "SnowMateWatch Watch App";
			sourceTree = "<group>";
		};
		C944100A2EBF395200913DE3 /* Shared */ = {
			isa = PBXFileSystemSynchronizedRootGroup;
			exceptions = (
				C944100E2EBF396B00913DE3 /* Exceptions for "Shared" folder in "SnowMateWatch Watch App" target */,
			);
			path = Shared;
			sourceTree = "<group>";
		};
/* End PBXFileSystemSynchronizedRootGroup section */

/* Begin PBXFrameworksBuildPhase section */
		C9440FE22EBF2DDE00913DE3 /* Frameworks */ = {
			isa = PBXFrameworksBuildPhase;
			buildActionMask = 2147483647;
			files = (
			);
			runOnlyForDeploymentPostprocessing = 0;
		};
		C9440FF42EBF2F6100913DE3 /* Frameworks */ = {
			isa = PBXFrameworksBuildPhase;
			buildActionMask = 2147483647;
			files = (
			);
			runOnlyForDeploymentPostprocessing = 0;
		};
/* End PBXFrameworksBuildPhase section */

/* Begin PBXGroup section */
		C9440FDC2EBF2DDE00913DE3 = {
			isa = PBXGroup;
			children = (
				C944100A2EBF395200913DE3 /* Shared */,
				C9440FE72EBF2DDE00913DE3 /* SnowMate */,
				C9440FF82EBF2F6100913DE3 /* SnowMateWatch Watch App */,
				C9440FE62EBF2DDE00913DE3 /* Products */,
			);
			sourceTree = "<group>";
		};
		C9440FE62EBF2DDE00913DE3 /* Products */ = {
			isa = PBXGroup;
			children = (
				C9440FE52EBF2DDE00913DE3 /* SnowMate.app */,
				C9440FF72EBF2F6100913DE3 /* SnowMateWatch Watch App.app */,
			);
			name = Products;
			sourceTree = "<group>";
		};
/* End PBXGroup section */

/* Begin PBXNativeTarget section */
		C9440FE42EBF2DDE00913DE3 /* SnowMate */ = {
			isa = PBXNativeTarget;
			buildConfigurationList = C9440FF02EBF2DE000913DE3 /* Build configuration list for PBXNativeTarget "SnowMate" */;
			buildPhases = (
				C9440FE12EBF2DDE00913DE3 /* Sources */,
				C9440FE22EBF2DDE00913DE3 /* Frameworks */,
				C9440FE32EBF2DDE00913DE3 /* Resources */,
				C94410052EBF2F6300913DE3 /* Embed Watch Content */,
			);
			buildRules = (
			);
			dependencies = (
				C94410002EBF2F6300913DE3 /* PBXTargetDependency */,
			);
			fileSystemSynchronizedGroups = (
				C9440FE72EBF2DDE00913DE3 /* SnowMate */,
				C944100A2EBF395200913DE3 /* Shared */,
			);
			name = SnowMate;
			packageProductDependencies = (
			);
			productName = SnowMate;
			productReference = C9440FE52EBF2DDE00913DE3 /* SnowMate.app */;
			productType = "com.apple.product-type.application";
		};
		C9440FF62EBF2F6100913DE3 /* SnowMateWatch Watch App */ = {
			isa = PBXNativeTarget;
			buildConfigurationList = C94410022EBF2F6300913DE3 /* Build configuration list for PBXNativeTarget "SnowMateWatch Watch App" */;
			buildPhases = (
				C9440FF32EBF2F6100913DE3 /* Sources */,
				C9440FF42EBF2F6100913DE3 /* Frameworks */,
				C9440FF52EBF2F6100913DE3 /* Resources */,
			);
			buildRules = (
			);
			dependencies = (
			);
			fileSystemSynchronizedGroups = (
				C9440FF82EBF2F6100913DE3 /* SnowMateWatch Watch App */,
			);
			name = "SnowMateWatch Watch App";
			packageProductDependencies = (
			);
			productName = "SnowMateWatch Watch App";
			productReference = C9440FF72EBF2F6100913DE3 /* SnowMateWatch Watch App.app */;
			productType = "com.apple.product-type.application";
		};
/* End PBXNativeTarget section */

/* Begin PBXProject section */
		C9440FDD2EBF2DDE00913DE3 /* Project object */ = {
			isa = PBXProject;
			attributes = {
				BuildIndependentTargetsInParallel = 1;
				LastSwiftUpdateCheck = 2600;
				LastUpgradeCheck = 2600;
				TargetAttributes = {
					C9440FE42EBF2DDE00913DE3 = {
						CreatedOnToolsVersion = 26.0.1;
					};
					C9440FF62EBF2F6100913DE3 = {
						CreatedOnToolsVersion = 26.0.1;
					};
				};
			};
			buildConfigurationList = C9440FE02EBF2DDE00913DE3 /* Build configuration list for PBXProject "SnowMate" */;
			developmentRegion = en;
			hasScannedForEncodings = 0;
			knownRegions = (
				en,
				Base,
			);
			mainGroup = C9440FDC2EBF2DDE00913DE3;
			minimizedProjectReferenceProxies = 1;
			preferredProjectObjectVersion = 77;
			productRefGroup = C9440FE62EBF2DDE00913DE3 /* Products */;
			projectDirPath = "";
			projectRoot = "";
			targets = (
				C9440FE42EBF2DDE00913DE3 /* SnowMate */,
				C9440FF62EBF2F6100913DE3 /* SnowMateWatch Watch App */,
			);
		};
/* End PBXProject section */

/* Begin PBXResourcesBuildPhase section */
		C9440FE32EBF2DDE00913DE3 /* Resources */ = {
			isa = PBXResourcesBuildPhase;
			buildActionMask = 2147483647;
			files = (
			);
			runOnlyForDeploymentPostprocessing = 0;
		};
		C9440FF52EBF2F6100913DE3 /* Resources */ = {
			isa = PBXResourcesBuildPhase;
			buildActionMask = 2147483647;
			files = (
			);
			runOnlyForDeploymentPostprocessing = 0;
		};
/* End PBXResourcesBuildPhase section */

/* Begin PBXSourcesBuildPhase section */
		C9440FE12EBF2DDE00913DE3 /* Sources */ = {
			isa = PBXSourcesBuildPhase;
			buildActionMask = 2147483647;
			files = (
			);
			runOnlyForDeploymentPostprocessing = 0;
		};
		C9440FF32EBF2F6100913DE3 /* Sources */ = {
			isa = PBXSourcesBuildPhase;
			buildActionMask = 2147483647;
			files = (
			);
			runOnlyForDeploymentPostprocessing = 0;
		};
/* End PBXSourcesBuildPhase section */

/* Begin PBXTargetDependency section */
		C94410002EBF2F6300913DE3 /* PBXTargetDependency */ = {
			isa = PBXTargetDependency;
			target = C9440FF62EBF2F6100913DE3 /* SnowMateWatch Watch App */;
			targetProxy = C9440FFF2EBF2F6300913DE3 /* PBXContainerItemProxy */;
		};
/* End PBXTargetDependency section */

/* Begin XCBuildConfiguration section */
		C9440FEE2EBF2DE000913DE3 /* Debug */ = {
			isa = XCBuildConfiguration;
			buildSettings = {
				ALWAYS_SEARCH_USER_PATHS = NO;
				ASSETCATALOG_COMPILER_GENERATE_SWIFT_ASSET_SYMBOL_EXTENSIONS = YES;
				CLANG_ANALYZER_NONNULL = YES;
				CLANG_ANALYZER_NUMBER_OBJECT_CONVERSION = YES_AGGRESSIVE;
				CLANG_CXX_LANGUAGE_STANDARD = "gnu++20";
				CLANG_ENABLE_MODULES = YES;
				CLANG_ENABLE_OBJC_ARC = YES;
				CLANG_ENABLE_OBJC_WEAK = YES;
				CLANG_WARN_BLOCK_CAPTURE_AUTORELEASING = YES;
				CLANG_WARN_BOOL_CONVERSION = YES;
				CLANG_WARN_COMMA = YES;
				CLANG_WARN_CONSTANT_CONVERSION = YES;
				CLANG_WARN_DEPRECATED_OBJC_IMPLEMENTATIONS = YES;
				CLANG_WARN_DIRECT_OBJC_ISA_USAGE = YES_ERROR;
				CLANG_WARN_DOCUMENTATION_COMMENTS = YES;
				CLANG_WARN_EMPTY_BODY = YES;
				CLANG_WARN_ENUM_CONVERSION = YES;
				CLANG_WARN_INFINITE_RECURSION = YES;
				CLANG_WARN_INT_CONVERSION = YES;
				CLANG_WARN_NON_LITERAL_NULL_CONVERSION = YES;
				CLANG_WARN_OBJC_IMPLICIT_RETAIN_SELF = YES;
				CLANG_WARN_OBJC_LITERAL_CONVERSION = YES;
				CLANG_WARN_OBJC_ROOT_CLASS = YES_ERROR;
				CLANG_WARN_QUOTED_INCLUDE_IN_FRAMEWORK_HEADER = YES;
				CLANG_WARN_RANGE_LOOP_ANALYSIS = YES;
				CLANG_WARN_STRICT_PROTOTYPES = YES;
				CLANG_WARN_SUSPICIOUS_MOVE = YES;
				CLANG_WARN_UNGUARDED_AVAILABILITY = YES_AGGRESSIVE;
				CLANG_WARN_UNREACHABLE_CODE = YES;
				CLANG_WARN__DUPLICATE_METHOD_MATCH = YES;
				COPY_PHASE_STRIP = NO;
				DEBUG_INFORMATION_FORMAT = dwarf;
				DEVELOPMENT_TEAM = 9B2R76R5TD;
				ENABLE_STRICT_OBJC_MSGSEND = YES;
				ENABLE_TESTABILITY = YES;
				ENABLE_USER_SCRIPT_SANDBOXING = YES;
				GCC_C_LANGUAGE_STANDARD = gnu17;
				GCC_DYNAMIC_NO_PIC = NO;
				GCC_NO_COMMON_BLOCKS = YES;
				GCC_OPTIMIZATION_LEVEL = 0;
				GCC_PREPROCESSOR_DEFINITIONS = (
					"DEBUG=1",
					"$(inherited)",
				);
				GCC_WARN_64_TO_32_BIT_CONVERSION = YES;
				GCC_WARN_ABOUT_RETURN_TYPE = YES_ERROR;
				GCC_WARN_UNDECLARED_SELECTOR = YES;
				GCC_WARN_UNINITIALIZED_AUTOS = YES_AGGRESSIVE;
				GCC_WARN_UNUSED_FUNCTION = YES;
				GCC_WARN_UNUSED_VARIABLE = YES;
				IPHONEOS_DEPLOYMENT_TARGET = 26.0;
				LOCALIZATION_PREFERS_STRING_CATALOGS = YES;
				MTL_ENABLE_DEBUG_INFO = INCLUDE_SOURCE;
				MTL_FAST_MATH = YES;
				ONLY_ACTIVE_ARCH = YES;
				SDKROOT = iphoneos;
				SWIFT_ACTIVE_COMPILATION_CONDITIONS = "DEBUG $(inherited)";
				SWIFT_OPTIMIZATION_LEVEL = "-Onone";
			};
			name = Debug;
		};
		C9440FEF2EBF2DE000913DE3 /* Release */ = {
			isa = XCBuildConfiguration;
			buildSettings = {
				ALWAYS_SEARCH_USER_PATHS = NO;
				ASSETCATALOG_COMPILER_GENERATE_SWIFT_ASSET_SYMBOL_EXTENSIONS = YES;
				CLANG_ANALYZER_NONNULL = YES;
				CLANG_ANALYZER_NUMBER_OBJECT_CONVERSION = YES_AGGRESSIVE;
				CLANG_CXX_LANGUAGE_STANDARD = "gnu++20";
				CLANG_ENABLE_MODULES = YES;
				CLANG_ENABLE_OBJC_ARC = YES;
				CLANG_ENABLE_OBJC_WEAK = YES;
				CLANG_WARN_BLOCK_CAPTURE_AUTORELEASING = YES;
				CLANG_WARN_BOOL_CONVERSION = YES;
				CLANG_WARN_COMMA = YES;
				CLANG_WARN_CONSTANT_CONVERSION = YES;
				CLANG_WARN_DEPRECATED_OBJC_IMPLEMENTATIONS = YES;
				CLANG_WARN_DIRECT_OBJC_ISA_USAGE = YES_ERROR;
				CLANG_WARN_DOCUMENTATION_COMMENTS = YES;
				CLANG_WARN_EMPTY_BODY = YES;
				CLANG_WARN_ENUM_CONVERSION = YES;
				CLANG_WARN_INFINITE_RECURSION = YES;
				CLANG_WARN_INT_CONVERSION = YES;
				CLANG_WARN_NON_LITERAL_NULL_CONVERSION = YES;
				CLANG_WARN_OBJC_IMPLICIT_RETAIN_SELF = YES;
				CLANG_WARN_OBJC_LITERAL_CONVERSION = YES;
				CLANG_WARN_OBJC_ROOT_CLASS = YES_ERROR;
				CLANG_WARN_QUOTED_INCLUDE_IN_FRAMEWORK_HEADER = YES;
				CLANG_WARN_RANGE_LOOP_ANALYSIS = YES;
				CLANG_WARN_STRICT_PROTOTYPES = YES;
				CLANG_WARN_SUSPICIOUS_MOVE = YES;
				CLANG_WARN_UNGUARDED_AVAILABILITY = YES_AGGRESSIVE;
				CLANG_WARN_UNREACHABLE_CODE = YES;
				CLANG_WARN__DUPLICATE_METHOD_MATCH = YES;
				COPY_PHASE_STRIP = NO;
				DEBUG_INFORMATION_FORMAT = "dwarf-with-dsym";
				DEVELOPMENT_TEAM = 9B2R76R5TD;
				ENABLE_NS_ASSERTIONS = NO;
				ENABLE_STRICT_OBJC_MSGSEND = YES;
				ENABLE_USER_SCRIPT_SANDBOXING = YES;
				GCC_C_LANGUAGE_STANDARD = gnu17;
				GCC_NO_COMMON_BLOCKS = YES;
				GCC_WARN_64_TO_32_BIT_CONVERSION = YES;
				GCC_WARN_ABOUT_RETURN_TYPE = YES_ERROR;
				GCC_WARN_UNDECLARED_SELECTOR = YES;
				GCC_WARN_UNINITIALIZED_AUTOS = YES_AGGRESSIVE;
				GCC_WARN_UNUSED_FUNCTION = YES;
				GCC_WARN_UNUSED_VARIABLE = YES;
				IPHONEOS_DEPLOYMENT_TARGET = 26.0;
				LOCALIZATION_PREFERS_STRING_CATALOGS = YES;
				MTL_ENABLE_DEBUG_INFO = NO;
				MTL_FAST_MATH = YES;
				SDKROOT = iphoneos;
				SWIFT_COMPILATION_MODE = wholemodule;
				VALIDATE_PRODUCT = YES;
			};
			name = Release;
		};
		C9440FF12EBF2DE000913DE3 /* Debug */ = {
			isa = XCBuildConfiguration;
			buildSettings = {
				ASSETCATALOG_COMPILER_APPICON_NAME = AppIcon;
				ASSETCATALOG_COMPILER_GLOBAL_ACCENT_COLOR_NAME = AccentColor;
				CODE_SIGN_ENTITLEMENTS = SnowMate/SnowMate.entitlements;
				CODE_SIGN_STYLE = Automatic;
				CURRENT_PROJECT_VERSION = 1;
				DEVELOPMENT_TEAM = 9B2R76R5TD;
				ENABLE_PREVIEWS = YES;
				GENERATE_INFOPLIST_FILE = YES;
				INFOPLIST_FILE = SnowMate/Info.plist;
				INFOPLIST_KEY_NSCameraUsageDescription = "라이딩 일기에 사진을 추가하기 위해 카메라 접근이 필요합니다.";
				INFOPLIST_KEY_NSHealthShareUsageDescription = "라이딩 중 심박수와 운동 데이터를 기록하기 위해 건강 정보 접근이 필요합니다.";
				INFOPLIST_KEY_NSHealthUpdateUsageDescription = "스노보드 운동 기록을 건강 앱에 저장하기 위해 필요합니다.";
				INFOPLIST_KEY_NSLocationAlwaysAndWhenInUseUsageDescription = "백그라운드에서도 라이딩 데이터를 기록하기 위해 위치 정보가 필요합니다.";
				INFOPLIST_KEY_NSLocationWhenInUseUsageDescription = "스노보드 라이딩 중 속도와 고도를 측정하기 위해 위치 정보가 필요합니다.";
				INFOPLIST_KEY_NSMotionUsageDescription = "넘어짐 감지 기능을 위해 모션 센서 접근이 필요합니다.";
				INFOPLIST_KEY_NSPhotoLibraryUsageDescription = "라이딩 일기에 사진을 추가하기 위해 사진 라이브러리 접근이 필요합니다.";
				INFOPLIST_KEY_UIApplicationSceneManifest_Generation = YES;
				INFOPLIST_KEY_UIApplicationSupportsIndirectInputEvents = YES;
				INFOPLIST_KEY_UILaunchScreen_Generation = YES;
				INFOPLIST_KEY_UISupportedInterfaceOrientations_iPad = "UIInterfaceOrientationPortrait UIInterfaceOrientationPortraitUpsideDown UIInterfaceOrientationLandscapeLeft UIInterfaceOrientationLandscapeRight";
				INFOPLIST_KEY_UISupportedInterfaceOrientations_iPhone = "UIInterfaceOrientationPortrait UIInterfaceOrientationLandscapeLeft UIInterfaceOrientationLandscapeRight";
				LD_RUNPATH_SEARCH_PATHS = (
					"$(inherited)",
					"@executable_path/Frameworks",
				);
				MARKETING_VERSION = 1.0;
				PRODUCT_BUNDLE_IDENTIFIER = com.beeni.SnowMate;
				PRODUCT_NAME = "$(TARGET_NAME)";
				STRING_CATALOG_GENERATE_SYMBOLS = YES;
				SWIFT_APPROACHABLE_CONCURRENCY = YES;
				SWIFT_DEFAULT_ACTOR_ISOLATION = MainActor;
				SWIFT_EMIT_LOC_STRINGS = YES;
				SWIFT_UPCOMING_FEATURE_MEMBER_IMPORT_VISIBILITY = YES;
				SWIFT_VERSION = 5.0;
				TARGETED_DEVICE_FAMILY = "1,2";
			};
			name = Debug;
		};
		C9440FF22EBF2DE000913DE3 /* Release */ = {
			isa = XCBuildConfiguration;
			buildSettings = {
				ASSETCATALOG_COMPILER_APPICON_NAME = AppIcon;
				ASSETCATALOG_COMPILER_GLOBAL_ACCENT_COLOR_NAME = AccentColor;
				CODE_SIGN_ENTITLEMENTS = SnowMate/SnowMate.entitlements;
				CODE_SIGN_STYLE = Automatic;
				CURRENT_PROJECT_VERSION = 1;
				DEVELOPMENT_TEAM = 9B2R76R5TD;
				ENABLE_PREVIEWS = YES;
				GENERATE_INFOPLIST_FILE = YES;
				INFOPLIST_FILE = SnowMate/Info.plist;
				INFOPLIST_KEY_NSCameraUsageDescription = "라이딩 일기에 사진을 추가하기 위해 카메라 접근이 필요합니다.";
				INFOPLIST_KEY_NSHealthShareUsageDescription = "라이딩 중 심박수와 운동 데이터를 기록하기 위해 건강 정보 접근이 필요합니다.";
				INFOPLIST_KEY_NSHealthUpdateUsageDescription = "스노보드 운동 기록을 건강 앱에 저장하기 위해 필요합니다.";
				INFOPLIST_KEY_NSLocationAlwaysAndWhenInUseUsageDescription = "백그라운드에서도 라이딩 데이터를 기록하기 위해 위치 정보가 필요합니다.";
				INFOPLIST_KEY_NSLocationWhenInUseUsageDescription = "스노보드 라이딩 중 속도와 고도를 측정하기 위해 위치 정보가 필요합니다.";
				INFOPLIST_KEY_NSMotionUsageDescription = "넘어짐 감지 기능을 위해 모션 센서 접근이 필요합니다.";
				INFOPLIST_KEY_NSPhotoLibraryUsageDescription = "라이딩 일기에 사진을 추가하기 위해 사진 라이브러리 접근이 필요합니다.";
				INFOPLIST_KEY_UIApplicationSceneManifest_Generation = YES;
				INFOPLIST_KEY_UIApplicationSupportsIndirectInputEvents = YES;
				INFOPLIST_KEY_UILaunchScreen_Generation = YES;
				INFOPLIST_KEY_UISupportedInterfaceOrientations_iPad = "UIInterfaceOrientationPortrait UIInterfaceOrientationPortraitUpsideDown UIInterfaceOrientationLandscapeLeft UIInterfaceOrientationLandscapeRight";
				INFOPLIST_KEY_UISupportedInterfaceOrientations_iPhone = "UIInterfaceOrientationPortrait UIInterfaceOrientationLandscapeLeft UIInterfaceOrientationLandscapeRight";
				LD_RUNPATH_SEARCH_PATHS = (
					"$(inherited)",
					"@executable_path/Frameworks",
				);
				MARKETING_VERSION = 1.0;
				PRODUCT_BUNDLE_IDENTIFIER = com.beeni.SnowMate;
				PRODUCT_NAME = "$(TARGET_NAME)";
				STRING_CATALOG_GENERATE_SYMBOLS = YES;
				SWIFT_APPROACHABLE_CONCURRENCY = YES;
				SWIFT_DEFAULT_ACTOR_ISOLATION = MainActor;
				SWIFT_EMIT_LOC_STRINGS = YES;
				SWIFT_UPCOMING_FEATURE_MEMBER_IMPORT_VISIBILITY = YES;
				SWIFT_VERSION = 5.0;
				TARGETED_DEVICE_FAMILY = "1,2";
			};
			name = Release;
		};
		C94410032EBF2F6300913DE3 /* Debug */ = {
			isa = XCBuildConfiguration;
			buildSettings = {
				ASSETCATALOG_COMPILER_APPICON_NAME = AppIcon;
				ASSETCATALOG_COMPILER_GLOBAL_ACCENT_COLOR_NAME = AccentColor;
				CODE_SIGN_ENTITLEMENTS = "SnowMateWatch Watch App/SnowMateWatch Watch App.entitlements";
				CODE_SIGN_STYLE = Automatic;
				CURRENT_PROJECT_VERSION = 1;
				DEVELOPMENT_TEAM = 9B2R76R5TD;
				ENABLE_PREVIEWS = YES;
				GENERATE_INFOPLIST_FILE = YES;
				INFOPLIST_FILE = "SnowMateWatch-Watch-App-Info.plist";
				INFOPLIST_KEY_CFBundleDisplayName = SnowMateWatch;
				INFOPLIST_KEY_NSHealthShareUsageDescription = "라이딩 중 심박수를 측정하기 위해 건강 정보 접근이 필요합니다.";
				INFOPLIST_KEY_NSHealthUpdateUsageDescription = "스노보드 운동 기록을 건강 앱에 저장하기 위해 필요합니다.";
				INFOPLIST_KEY_NSLocationWhenInUseUsageDescription = "라이딩 중 속도와 고도를 측정하기 위해 위치 정보가 필요합니다.";
				INFOPLIST_KEY_NSMotionUsageDescription = "넘어짐 감지를 위해 모션 센서 접근이 필요합니다.";
				INFOPLIST_KEY_UISupportedInterfaceOrientations = "UIInterfaceOrientationPortrait UIInterfaceOrientationPortraitUpsideDown";
				INFOPLIST_KEY_WKCompanionAppBundleIdentifier = com.beeni.SnowMate;
				LD_RUNPATH_SEARCH_PATHS = (
					"$(inherited)",
					"@executable_path/Frameworks",
				);
				MARKETING_VERSION = 1.0;
				PRODUCT_BUNDLE_IDENTIFIER = com.beeni.SnowMate.watchkitapp;
				PRODUCT_NAME = "$(TARGET_NAME)";
				SDKROOT = watchos;
				SKIP_INSTALL = YES;
				STRING_CATALOG_GENERATE_SYMBOLS = YES;
				SWIFT_APPROACHABLE_CONCURRENCY = YES;
				SWIFT_DEFAULT_ACTOR_ISOLATION = MainActor;
				SWIFT_EMIT_LOC_STRINGS = YES;
				SWIFT_UPCOMING_FEATURE_MEMBER_IMPORT_VISIBILITY = YES;
				SWIFT_VERSION = 5.0;
				TARGETED_DEVICE_FAMILY = 4;
				WATCHOS_DEPLOYMENT_TARGET = 26.0;
			};
			name = Debug;
		};
		C94410042EBF2F6300913DE3 /* Release */ = {
			isa = XCBuildConfiguration;
			buildSettings = {
				ASSETCATALOG_COMPILER_APPICON_NAME = AppIcon;
				ASSETCATALOG_COMPILER_GLOBAL_ACCENT_COLOR_NAME = AccentColor;
				CODE_SIGN_ENTITLEMENTS = "SnowMateWatch Watch App/SnowMateWatch Watch App.entitlements";
				CODE_SIGN_STYLE = Automatic;
				CURRENT_PROJECT_VERSION = 1;
				DEVELOPMENT_TEAM = 9B2R76R5TD;
				ENABLE_PREVIEWS = YES;
				GENERATE_INFOPLIST_FILE = YES;
				INFOPLIST_FILE = "SnowMateWatch-Watch-App-Info.plist";
				INFOPLIST_KEY_CFBundleDisplayName = SnowMateWatch;
				INFOPLIST_KEY_NSHealthShareUsageDescription = "라이딩 중 심박수를 측정하기 위해 건강 정보 접근이 필요합니다.";
				INFOPLIST_KEY_NSHealthUpdateUsageDescription = "스노보드 운동 기록을 건강 앱에 저장하기 위해 필요합니다.";
				INFOPLIST_KEY_NSLocationWhenInUseUsageDescription = "라이딩 중 속도와 고도를 측정하기 위해 위치 정보가 필요합니다.";
				INFOPLIST_KEY_NSMotionUsageDescription = "넘어짐 감지를 위해 모션 센서 접근이 필요합니다.";
				INFOPLIST_KEY_UISupportedInterfaceOrientations = "UIInterfaceOrientationPortrait UIInterfaceOrientationPortraitUpsideDown";
				INFOPLIST_KEY_WKCompanionAppBundleIdentifier = com.beeni.SnowMate;
				LD_RUNPATH_SEARCH_PATHS = (
					"$(inherited)",
					"@executable_path/Frameworks",
				);
				MARKETING_VERSION = 1.0;
				PRODUCT_BUNDLE_IDENTIFIER = com.beeni.SnowMate.watchkitapp;
				PRODUCT_NAME = "$(TARGET_NAME)";
				SDKROOT = watchos;
				SKIP_INSTALL = YES;
				STRING_CATALOG_GENERATE_SYMBOLS = YES;
				SWIFT_APPROACHABLE_CONCURRENCY = YES;
				SWIFT_DEFAULT_ACTOR_ISOLATION = MainActor;
				SWIFT_EMIT_LOC_STRINGS = YES;
				SWIFT_UPCOMING_FEATURE_MEMBER_IMPORT_VISIBILITY = YES;
				SWIFT_VERSION = 5.0;
				TARGETED_DEVICE_FAMILY = 4;
				WATCHOS_DEPLOYMENT_TARGET = 26.0;
			};
			name = Release;
		};
/* End XCBuildConfiguration section */

/* Begin XCConfigurationList section */
		C9440FE02EBF2DDE00913DE3 /* Build configuration list for PBXProject "SnowMate" */ = {
			isa = XCConfigurationList;
			buildConfigurations = (
				C9440FEE2EBF2DE000913DE3 /* Debug */,
				C9440FEF2EBF2DE000913DE3 /* Release */,
			);
			defaultConfigurationIsVisible = 0;
			defaultConfigurationName = Release;
		};
		C9440FF02EBF2DE000913DE3 /* Build configuration list for PBXNativeTarget "SnowMate" */ = {
			isa = XCConfigurationList;
			buildConfigurations = (
				C9440FF12EBF2DE000913DE3 /* Debug */,
				C9440FF22EBF2DE000913DE3 /* Release */,
			);
			defaultConfigurationIsVisible = 0;
			defaultConfigurationName = Release;
		};
		C94410022EBF2F6300913DE3 /* Build configuration list for PBXNativeTarget "SnowMateWatch Watch App" */ = {
			isa = XCConfigurationList;
			buildConfigurations = (
				C94410032EBF2F6300913DE3 /* Debug */,
				C94410042EBF2F6300913DE3 /* Release */,
			);
			defaultConfigurationIsVisible = 0;
			defaultConfigurationName = Release;
		};
/* End XCConfigurationList section */
	};
	rootObject = C9440FDD2EBF2DDE00913DE3 /* Project object */;
}
